
Microsoft Visual Studio Solution File, Format Version 12.00
# Visual Studio 15
VisualStudioVersion = 15.0.34031.82
MinimumVisualStudioVersion = 10.0.40219.1
Project("{8BC9CEB8-8B4A-11D0-8D11-00A0C91BC942}") = "Q4", "Q4\Q4.vcxproj", "{8AE8147F-2B16-49DC-904E-31DFD059DC31}"
EndProject
Global
	GlobalSection(SolutionConfigurationPlatforms) = preSolution
		Debug|x64 = Debug|x64
		Debug|x86 = Debug|x86
		Release|x64 = Release|x64
		Release|x86 = Release|x86
	EndGlobalSection
	GlobalSection(ProjectConfigurationPlatforms) = postSolution
		{8AE8147F-2B16-49DC-904E-31DFD059DC31}.Debug|x64.ActiveCfg = Debug|x64
		{8AE8147F-2B16-49DC-904E-31DFD059DC31}.Debug|x64.Build.0 = Debug|x64
		{8AE8147F-2B16-49DC-904E-31DFD059DC31}.Debug|x86.ActiveCfg = Debug|Win32
		{8AE8147F-2B16-49DC-904E-31DFD059DC31}.Debug|x86.Build.0 = Debug|Win32
		{8AE8147F-2B16-49DC-904E-31DFD059DC31}.Release|x64.ActiveCfg = Release|x64
		{8AE8147F-2B16-49DC-904E-31DFD059DC31}.Release|x64.Build.0 = Release|x64
		{8AE8147F-2B16-49DC-904E-31DFD059DC31}.Release|x86.ActiveCfg = Release|Win32
		{8AE8147F-2B16-49DC-904E-31DFD059DC31}.Release|x86.Build.0 = Release|Win32
	EndGlobalSection
	GlobalSection(SolutionProperties) = preSolution
		HideSolutionNode = FALSE
	EndGlobalSection
	GlobalSection(ExtensibilityGlobals) = postSolution
		SolutionGuid = {80193D9E-059E-4A81-98B1-F73218B9F3F6}
	EndGlobalSection
EndGlobal
