
Microsoft Visual Studio Solution File, Format Version 12.00
# Visual Studio 15
VisualStudioVersion = 15.0.34031.82
MinimumVisualStudioVersion = 10.0.40219.1
Project("{8BC9CEB8-8B4A-11D0-8D11-00A0C91BC942}") = "Q1Answer", "Q1Answer\Q1Answer.vcxproj", "{D15B695A-658A-420B-9AC6-110DF7F0D755}"
EndProject
Global
	GlobalSection(SolutionConfigurationPlatforms) = preSolution
		Debug|x64 = Debug|x64
		Debug|x86 = Debug|x86
		Release|x64 = Release|x64
		Release|x86 = Release|x86
	EndGlobalSection
	GlobalSection(ProjectConfigurationPlatforms) = postSolution
		{D15B695A-658A-420B-9AC6-110DF7F0D755}.Debug|x64.ActiveCfg = Debug|x64
		{D15B695A-658A-420B-9AC6-110DF7F0D755}.Debug|x64.Build.0 = Debug|x64
		{D15B695A-658A-420B-9AC6-110DF7F0D755}.Debug|x86.ActiveCfg = Debug|Win32
		{D15B695A-658A-420B-9AC6-110DF7F0D755}.Debug|x86.Build.0 = Debug|Win32
		{D15B695A-658A-420B-9AC6-110DF7F0D755}.Release|x64.ActiveCfg = Release|x64
		{D15B695A-658A-420B-9AC6-110DF7F0D755}.Release|x64.Build.0 = Release|x64
		{D15B695A-658A-420B-9AC6-110DF7F0D755}.Release|x86.ActiveCfg = Release|Win32
		{D15B695A-658A-420B-9AC6-110DF7F0D755}.Release|x86.Build.0 = Release|Win32
	EndGlobalSection
	GlobalSection(SolutionProperties) = preSolution
		HideSolutionNode = FALSE
	EndGlobalSection
	GlobalSection(ExtensibilityGlobals) = postSolution
		SolutionGuid = {E18DF06B-D3BC-4E7D-B934-D9E1E22F1913}
	EndGlobalSection
EndGlobal
